
Microsoft Visual Studio Solution File, Format Version 12.00
# Visual Studio Version 16
VisualStudioVersion = 16.0.29609.76
MinimumVisualStudioVersion = 10.0.40219.1
Project("{FAE04EC0-301F-11D3-BF4B-00C04F79EFBC}") = "BookingAppStore", "BookingAppStore\BookingAppStore.csproj", "{36B7D028-5D48-46A8-9ED1-3D7E7B05D42F}"
EndProject
Global
	GlobalSection(SolutionConfigurationPlatforms) = preSolution
		Debug|Any CPU = Debug|Any CPU
		Release|Any CPU = Release|Any CPU
	EndGlobalSection
	GlobalSection(ProjectConfigurationPlatforms) = postSolution
		{36B7D028-5D48-46A8-9ED1-3D7E7B05D42F}.Debug|Any CPU.ActiveCfg = Debug|Any CPU
		{36B7D028-5D48-46A8-9ED1-3D7E7B05D42F}.Debug|Any CPU.Build.0 = Debug|Any CPU
		{36B7D028-5D48-46A8-9ED1-3D7E7B05D42F}.Release|Any CPU.ActiveCfg = Release|Any CPU
		{36B7D028-5D48-46A8-9ED1-3D7E7B05D42F}.Release|Any CPU.Build.0 = Release|Any CPU
	EndGlobalSection
	GlobalSection(SolutionProperties) = preSolution
		HideSolutionNode = FALSE
	EndGlobalSection
	GlobalSection(ExtensibilityGlobals) = postSolution
		SolutionGuid = {35057592-CAA3-4CF5-83F6-CF6C6F32D045}
	EndGlobalSection
EndGlobal
